// !$*UTF8*$!
{
	archiveVersion = 1;
	classes = {
	};
	objectVersion = 48;
	objects = {

/* Begin PBXBuildFile section */
		630234F81FB16F5A00EDC261 /* UIColor+Theme.swift in Sources */ = {isa = PBXBuildFile; fileRef = 630234F71FB16F5A00EDC261 /* UIColor+Theme.swift */; };
		633F820B1FD8E15100A86FA3 /* EmployeesController.swift in Sources */ = {isa = PBXBuildFile; fileRef = 633F820A1FD8E15100A86FA3 /* EmployeesController.swift */; };
		633F820D1FD8E62C00A86FA3 /* UIViewController+Helpers.swift in Sources */ = {isa = PBXBuildFile; fileRef = 633F820C1FD8E62C00A86FA3 /* UIViewController+Helpers.swift */; };
		633F820F1FD8E84700A86FA3 /* CreateEmployeeController.swift in Sources */ = {isa = PBXBuildFile; fileRef = 633F820E1FD8E84700A86FA3 /* CreateEmployeeController.swift */; };
		6340A8FA1FB2FA8F004504E3 /* CreateCompanyController.swift in Sources */ = {isa = PBXBuildFile; fileRef = 6340A8F91FB2FA8F004504E3 /* CreateCompanyController.swift */; };
		635D41AC1FB2640A00B58231 /* Default-568h@2x.png in Resources */ = {isa = PBXBuildFile; fileRef = 635D41AB1FB2640A00B58231 /* Default-568h@2x.png */; };
		6375397820070E2C007B99D0 /* EmployeeType.swift in Sources */ = {isa = PBXBuildFile; fileRef = 6375397720070E2C007B99D0 /* EmployeeType.swift */; };
		6379A52A1FD0EF1B001D10C4 /* CoreDataManager.swift in Sources */ = {isa = PBXBuildFile; fileRef = 6379A5291FD0EF1B001D10C4 /* CoreDataManager.swift */; };
		638119B41FC500DA001313CD /* CoreDataModel.xcdatamodeld in Sources */ = {isa = PBXBuildFile; fileRef = 638119B21FC500DA001313CD /* CoreDataModel.xcdatamodeld */; };
		63A685411FD7691B00A68A8B /* CompanyCell.swift in Sources */ = {isa = PBXBuildFile; fileRef = 63A685401FD7691B00A68A8B /* CompanyCell.swift */; };
		63A685441FD7833A00A68A8B /* CompaniesViewController+CreateCompanyController.swift in Sources */ = {isa = PBXBuildFile; fileRef = 63A685431FD7833A00A68A8B /* CompaniesViewController+CreateCompanyController.swift */; };
		63A685461FD788A900A68A8B /* CompaniesViewController+UITableView.swift in Sources */ = {isa = PBXBuildFile; fileRef = 63A685451FD788A900A68A8B /* CompaniesViewController+UITableView.swift */; };
		63A9021B1F9F0404009AC6F9 /* AppDelegate.swift in Sources */ = {isa = PBXBuildFile; fileRef = 63A9021A1F9F0404009AC6F9 /* AppDelegate.swift */; };
		63A9021D1F9F0404009AC6F9 /* CompaniesController.swift in Sources */ = {isa = PBXBuildFile; fileRef = 63A9021C1F9F0404009AC6F9 /* CompaniesController.swift */; };
		63A902221F9F0404009AC6F9 /* Assets.xcassets in Resources */ = {isa = PBXBuildFile; fileRef = 63A902211F9F0404009AC6F9 /* Assets.xcassets */; };
		63A902251F9F0404009AC6F9 /* LaunchScreen.storyboard in Resources */ = {isa = PBXBuildFile; fileRef = 63A902231F9F0404009AC6F9 /* LaunchScreen.storyboard */; };
/* End PBXBuildFile section */

/* Begin PBXFileReference section */
		630234F71FB16F5A00EDC261 /* UIColor+Theme.swift */ = {isa = PBXFileReference; lastKnownFileType = sourcecode.swift; path = "UIColor+Theme.swift"; sourceTree = "<group>"; };
		633F820A1FD8E15100A86FA3 /* EmployeesController.swift */ = {isa = PBXFileReference; lastKnownFileType = sourcecode.swift; path = EmployeesController.swift; sourceTree = "<group>"; };
		633F820C1FD8E62C00A86FA3 /* UIViewController+Helpers.swift */ = {isa = PBXFileReference; lastKnownFileType = sourcecode.swift; path = "UIViewController+Helpers.swift"; sourceTree = "<group>"; };
		633F820E1FD8E84700A86FA3 /* CreateEmployeeController.swift */ = {isa = PBXFileReference; lastKnownFileType = sourcecode.swift; path = CreateEmployeeController.swift; sourceTree = "<group>"; };
		6340A8F91FB2FA8F004504E3 /* CreateCompanyController.swift */ = {isa = PBXFileReference; lastKnownFileType = sourcecode.swift; path = CreateCompanyController.swift; sourceTree = "<group>"; };
		635D41AB1FB2640A00B58231 /* Default-568h@2x.png */ = {isa = PBXFileReference; lastKnownFileType = image.png; path = "Default-568h@2x.png"; sourceTree = "<group>"; };
		6375397720070E2C007B99D0 /* EmployeeType.swift */ = {isa = PBXFileReference; lastKnownFileType = sourcecode.swift; path = EmployeeType.swift; sourceTree = "<group>"; };
		6379A5291FD0EF1B001D10C4 /* CoreDataManager.swift */ = {isa = PBXFileReference; lastKnownFileType = sourcecode.swift; path = CoreDataManager.swift; sourceTree = "<group>"; };
		638119B31FC500DA001313CD /* CoreDataModel.xcdatamodel */ = {isa = PBXFileReference; lastKnownFileType = wrapper.xcdatamodel; path = CoreDataModel.xcdatamodel; sourceTree = "<group>"; };
		63A685401FD7691B00A68A8B /* CompanyCell.swift */ = {isa = PBXFileReference; lastKnownFileType = sourcecode.swift; path = CompanyCell.swift; sourceTree = "<group>"; };
		63A685431FD7833A00A68A8B /* CompaniesViewController+CreateCompanyController.swift */ = {isa = PBXFileReference; lastKnownFileType = sourcecode.swift; path = "CompaniesViewController+CreateCompanyController.swift"; sourceTree = "<group>"; };
		63A685451FD788A900A68A8B /* CompaniesViewController+UITableView.swift */ = {isa = PBXFileReference; lastKnownFileType = sourcecode.swift; path = "CompaniesViewController+UITableView.swift"; sourceTree = "<group>"; };
		63A902171F9F0404009AC6F9 /* Companies.app */ = {isa = PBXFileReference; explicitFileType = wrapper.application; includeInIndex = 0; path = Companies.app; sourceTree = BUILT_PRODUCTS_DIR; };
		63A9021A1F9F0404009AC6F9 /* AppDelegate.swift */ = {isa = PBXFileReference; lastKnownFileType = sourcecode.swift; path = AppDelegate.swift; sourceTree = "<group>"; };
		63A9021C1F9F0404009AC6F9 /* CompaniesController.swift */ = {isa = PBXFileReference; lastKnownFileType = sourcecode.swift; path = CompaniesController.swift; sourceTree = "<group>"; };
		63A902211F9F0404009AC6F9 /* Assets.xcassets */ = {isa = PBXFileReference; lastKnownFileType = folder.assetcatalog; path = Assets.xcassets; sourceTree = "<group>"; };
		63A902241F9F0404009AC6F9 /* Base */ = {isa = PBXFileReference; lastKnownFileType = file.storyboard; name = Base; path = Base.lproj/LaunchScreen.storyboard; sourceTree = "<group>"; };
		63A902261F9F0404009AC6F9 /* Info.plist */ = {isa = PBXFileReference; lastKnownFileType = text.plist.xml; path = Info.plist; sourceTree = "<group>"; };
/* End PBXFileReference section */

/* Begin PBXFrameworksBuildPhase section */
		63A902141F9F0404009AC6F9 /* Frameworks */ = {
			isa = PBXFrameworksBuildPhase;
			buildActionMask = 2147483647;
			files = (
			);
			runOnlyForDeploymentPostprocessing = 0;
		};
/* End PBXFrameworksBuildPhase section */

/* Begin PBXGroup section */
		633F82101FD9001800A86FA3 /* Screens */ = {
			isa = PBXGroup;
			children = (
				633F82121FD9005600A86FA3 /* Companies */,
				633F82111FD9002E00A86FA3 /* Employess */,
			);
			path = Screens;
			sourceTree = "<group>";
		};
		633F82111FD9002E00A86FA3 /* Employess */ = {
			isa = PBXGroup;
			children = (
				633F820E1FD8E84700A86FA3 /* CreateEmployeeController.swift */,
				633F820A1FD8E15100A86FA3 /* EmployeesController.swift */,
				6375397720070E2C007B99D0 /* EmployeeType.swift */,
			);
			path = Employess;
			sourceTree = "<group>";
		};
		633F82121FD9005600A86FA3 /* Companies */ = {
			isa = PBXGroup;
			children = (
				63A9021C1F9F0404009AC6F9 /* CompaniesController.swift */,
				6340A8F91FB2FA8F004504E3 /* CreateCompanyController.swift */,
			);
			path = Companies;
			sourceTree = "<group>";
		};
		6340A8FD1FB3085B004504E3 /* Extensions */ = {
			isa = PBXGroup;
			children = (
				630234F71FB16F5A00EDC261 /* UIColor+Theme.swift */,
				63A685431FD7833A00A68A8B /* CompaniesViewController+CreateCompanyController.swift */,
				63A685451FD788A900A68A8B /* CompaniesViewController+UITableView.swift */,
				633F820C1FD8E62C00A86FA3 /* UIViewController+Helpers.swift */,
			);
			path = Extensions;
			sourceTree = "<group>";
		};
		638119B51FC5010D001313CD /* CoreData */ = {
			isa = PBXGroup;
			children = (
				638119B21FC500DA001313CD /* CoreDataModel.xcdatamodeld */,
				6379A5291FD0EF1B001D10C4 /* CoreDataManager.swift */,
			);
			path = CoreData;
			sourceTree = "<group>";
		};
		63A685421FD7692D00A68A8B /* Custom UI */ = {
			isa = PBXGroup;
			children = (
				63A685401FD7691B00A68A8B /* CompanyCell.swift */,
			);
			path = "Custom UI";
			sourceTree = "<group>";
		};
		63A9020E1F9F0404009AC6F9 = {
			isa = PBXGroup;
			children = (
				635D41AB1FB2640A00B58231 /* Default-568h@2x.png */,
				63A902191F9F0404009AC6F9 /* Companies */,
				63A902181F9F0404009AC6F9 /* Products */,
			);
			sourceTree = "<group>";
		};
		63A902181F9F0404009AC6F9 /* Products */ = {
			isa = PBXGroup;
			children = (
				63A902171F9F0404009AC6F9 /* Companies.app */,
			);
			name = Products;
			sourceTree = "<group>";
		};
		63A902191F9F0404009AC6F9 /* Companies */ = {
			isa = PBXGroup;
			children = (
				633F82101FD9001800A86FA3 /* Screens */,
				63A685421FD7692D00A68A8B /* Custom UI */,
				638119B51FC5010D001313CD /* CoreData */,
				6340A8FD1FB3085B004504E3 /* Extensions */,
				63A9021A1F9F0404009AC6F9 /* AppDelegate.swift */,
				63A902211F9F0404009AC6F9 /* Assets.xcassets */,
				63A902231F9F0404009AC6F9 /* LaunchScreen.storyboard */,
				63A902261F9F0404009AC6F9 /* Info.plist */,
			);
			path = Companies;
			sourceTree = "<group>";
		};
/* End PBXGroup section */

/* Begin PBXNativeTarget section */
		63A902161F9F0404009AC6F9 /* Companies */ = {
			isa = PBXNativeTarget;
			buildConfigurationList = 63A902291F9F0404009AC6F9 /* Build configuration list for PBXNativeTarget "Companies" */;
			buildPhases = (
				63A902131F9F0404009AC6F9 /* Sources */,
				63A902141F9F0404009AC6F9 /* Frameworks */,
				63A902151F9F0404009AC6F9 /* Resources */,
			);
			buildRules = (
			);
			dependencies = (
			);
			name = Companies;
			productName = Project2;
			productReference = 63A902171F9F0404009AC6F9 /* Companies.app */;
			productType = "com.apple.product-type.application";
		};
/* End PBXNativeTarget section */

/* Begin PBXProject section */
		63A9020F1F9F0404009AC6F9 /* Project object */ = {
			isa = PBXProject;
			attributes = {
				LastSwiftUpdateCheck = 0900;
				LastUpgradeCheck = 0900;
				ORGANIZATIONNAME = "Permaculture Power";
				TargetAttributes = {
					63A902161F9F0404009AC6F9 = {
						CreatedOnToolsVersion = 9.0.1;
						ProvisioningStyle = Automatic;
					};
				};
			};
			buildConfigurationList = 63A902121F9F0404009AC6F9 /* Build configuration list for PBXProject "Companies" */;
			compatibilityVersion = "Xcode 8.0";
			developmentRegion = en;
			hasScannedForEncodings = 0;
			knownRegions = (
				en,
				Base,
			);
			mainGroup = 63A9020E1F9F0404009AC6F9;
			productRefGroup = 63A902181F9F0404009AC6F9 /* Products */;
			projectDirPath = "";
			projectRoot = "";
			targets = (
				63A902161F9F0404009AC6F9 /* Companies */,
			);
		};
/* End PBXProject section */

/* Begin PBXResourcesBuildPhase section */
		63A902151F9F0404009AC6F9 /* Resources */ = {
			isa = PBXResourcesBuildPhase;
			buildActionMask = 2147483647;
			files = (
				63A902251F9F0404009AC6F9 /* LaunchScreen.storyboard in Resources */,
				635D41AC1FB2640A00B58231 /* Default-568h@2x.png in Resources */,
				63A902221F9F0404009AC6F9 /* Assets.xcassets in Resources */,
			);
			runOnlyForDeploymentPostprocessing = 0;
		};
/* End PBXResourcesBuildPhase section */

/* Begin PBXSourcesBuildPhase section */
		63A902131F9F0404009AC6F9 /* Sources */ = {
			isa = PBXSourcesBuildPhase;
			buildActionMask = 2147483647;
			files = (
				63A9021D1F9F0404009AC6F9 /* CompaniesController.swift in Sources */,
				633F820F1FD8E84700A86FA3 /* CreateEmployeeController.swift in Sources */,
				63A9021B1F9F0404009AC6F9 /* AppDelegate.swift in Sources */,
				63A685461FD788A900A68A8B /* CompaniesViewController+UITableView.swift in Sources */,
				63A685441FD7833A00A68A8B /* CompaniesViewController+CreateCompanyController.swift in Sources */,
				638119B41FC500DA001313CD /* CoreDataModel.xcdatamodeld in Sources */,
				63A685411FD7691B00A68A8B /* CompanyCell.swift in Sources */,
				6340A8FA1FB2FA8F004504E3 /* CreateCompanyController.swift in Sources */,
				633F820B1FD8E15100A86FA3 /* EmployeesController.swift in Sources */,
				633F820D1FD8E62C00A86FA3 /* UIViewController+Helpers.swift in Sources */,
				630234F81FB16F5A00EDC261 /* UIColor+Theme.swift in Sources */,
				6379A52A1FD0EF1B001D10C4 /* CoreDataManager.swift in Sources */,
				6375397820070E2C007B99D0 /* EmployeeType.swift in Sources */,
			);
			runOnlyForDeploymentPostprocessing = 0;
		};
/* End PBXSourcesBuildPhase section */

/* Begin PBXVariantGroup section */
		63A902231F9F0404009AC6F9 /* LaunchScreen.storyboard */ = {
			isa = PBXVariantGroup;
			children = (
				63A902241F9F0404009AC6F9 /* Base */,
			);
			name = LaunchScreen.storyboard;
			sourceTree = "<group>";
		};
/* End PBXVariantGroup section */

/* Begin XCBuildConfiguration section */
		63A902271F9F0404009AC6F9 /* Debug */ = {
			isa = XCBuildConfiguration;
			buildSettings = {
				ALWAYS_SEARCH_USER_PATHS = NO;
				CLANG_ANALYZER_NONNULL = YES;
				CLANG_ANALYZER_NUMBER_OBJECT_CONVERSION = YES_AGGRESSIVE;
				CLANG_CXX_LANGUAGE_STANDARD = "gnu++14";
				CLANG_CXX_LIBRARY = "libc++";
				CLANG_ENABLE_MODULES = YES;
				CLANG_ENABLE_OBJC_ARC = YES;
				CLANG_WARN_BLOCK_CAPTURE_AUTORELEASING = YES;
				CLANG_WARN_BOOL_CONVERSION = YES;
				CLANG_WARN_COMMA = YES;
				CLANG_WARN_CONSTANT_CONVERSION = YES;
				CLANG_WARN_DIRECT_OBJC_ISA_USAGE = YES_ERROR;
				CLANG_WARN_DOCUMENTATION_COMMENTS = YES;
				CLANG_WARN_EMPTY_BODY = YES;
				CLANG_WARN_ENUM_CONVERSION = YES;
				CLANG_WARN_INFINITE_RECURSION = YES;
				CLANG_WARN_INT_CONVERSION = YES;
				CLANG_WARN_NON_LITERAL_NULL_CONVERSION = YES;
				CLANG_WARN_OBJC_LITERAL_CONVERSION = YES;
				CLANG_WARN_OBJC_ROOT_CLASS = YES_ERROR;
				CLANG_WARN_RANGE_LOOP_ANALYSIS = YES;
				CLANG_WARN_STRICT_PROTOTYPES = YES;
				CLANG_WARN_SUSPICIOUS_MOVE = YES;
				CLANG_WARN_UNGUARDED_AVAILABILITY = YES_AGGRESSIVE;
				CLANG_WARN_UNREACHABLE_CODE = YES;
				CLANG_WARN__DUPLICATE_METHOD_MATCH = YES;
				CODE_SIGN_IDENTITY = "iPhone Developer";
				COPY_PHASE_STRIP = NO;
				DEBUG_INFORMATION_FORMAT = dwarf;
				ENABLE_STRICT_OBJC_MSGSEND = YES;
				ENABLE_TESTABILITY = YES;
				GCC_C_LANGUAGE_STANDARD = gnu11;
				GCC_DYNAMIC_NO_PIC = NO;
				GCC_NO_COMMON_BLOCKS = YES;
				GCC_OPTIMIZATION_LEVEL = 0;
				GCC_PREPROCESSOR_DEFINITIONS = (
					"DEBUG=1",
					"$(inherited)",
				);
				GCC_WARN_64_TO_32_BIT_CONVERSION = YES;
				GCC_WARN_ABOUT_RETURN_TYPE = YES_ERROR;
				GCC_WARN_UNDECLARED_SELECTOR = YES;
				GCC_WARN_UNINITIALIZED_AUTOS = YES_AGGRESSIVE;
				GCC_WARN_UNUSED_FUNCTION = YES;
				GCC_WARN_UNUSED_VARIABLE = YES;
				IPHONEOS_DEPLOYMENT_TARGET = 11.0;
				MTL_ENABLE_DEBUG_INFO = YES;
				ONLY_ACTIVE_ARCH = YES;
				SDKROOT = iphoneos;
				SWIFT_ACTIVE_COMPILATION_CONDITIONS = DEBUG;
				SWIFT_OPTIMIZATION_LEVEL = "-Onone";
			};
			name = Debug;
		};
		63A902281F9F0404009AC6F9 /* Release */ = {
			isa = XCBuildConfiguration;
			buildSettings = {
				ALWAYS_SEARCH_USER_PATHS = NO;
				CLANG_ANALYZER_NONNULL = YES;
				CLANG_ANALYZER_NUMBER_OBJECT_CONVERSION = YES_AGGRESSIVE;
				CLANG_CXX_LANGUAGE_STANDARD = "gnu++14";
				CLANG_CXX_LIBRARY = "libc++";
				CLANG_ENABLE_MODULES = YES;
				CLANG_ENABLE_OBJC_ARC = YES;
				CLANG_WARN_BLOCK_CAPTURE_AUTORELEASING = YES;
				CLANG_WARN_BOOL_CONVERSION = YES;
				CLANG_WARN_COMMA = YES;
				CLANG_WARN_CONSTANT_CONVERSION = YES;
				CLANG_WARN_DIRECT_OBJC_ISA_USAGE = YES_ERROR;
				CLANG_WARN_DOCUMENTATION_COMMENTS = YES;
				CLANG_WARN_EMPTY_BODY = YES;
				CLANG_WARN_ENUM_CONVERSION = YES;
				CLANG_WARN_INFINITE_RECURSION = YES;
				CLANG_WARN_INT_CONVERSION = YES;
				CLANG_WARN_NON_LITERAL_NULL_CONVERSION = YES;
				CLANG_WARN_OBJC_LITERAL_CONVERSION = YES;
				CLANG_WARN_OBJC_ROOT_CLASS = YES_ERROR;
				CLANG_WARN_RANGE_LOOP_ANALYSIS = YES;
				CLANG_WARN_STRICT_PROTOTYPES = YES;
				CLANG_WARN_SUSPICIOUS_MOVE = YES;
				CLANG_WARN_UNGUARDED_AVAILABILITY = YES_AGGRESSIVE;
				CLANG_WARN_UNREACHABLE_CODE = YES;
				CLANG_WARN__DUPLICATE_METHOD_MATCH = YES;
				CODE_SIGN_IDENTITY = "iPhone Developer";
				COPY_PHASE_STRIP = NO;
				DEBUG_INFORMATION_FORMAT = "dwarf-with-dsym";
				ENABLE_NS_ASSERTIONS = NO;
				ENABLE_STRICT_OBJC_MSGSEND = YES;
				GCC_C_LANGUAGE_STANDARD = gnu11;
				GCC_NO_COMMON_BLOCKS = YES;
				GCC_WARN_64_TO_32_BIT_CONVERSION = YES;
				GCC_WARN_ABOUT_RETURN_TYPE = YES_ERROR;
				GCC_WARN_UNDECLARED_SELECTOR = YES;
				GCC_WARN_UNINITIALIZED_AUTOS = YES_AGGRESSIVE;
				GCC_WARN_UNUSED_FUNCTION = YES;
				GCC_WARN_UNUSED_VARIABLE = YES;
				IPHONEOS_DEPLOYMENT_TARGET = 11.0;
				MTL_ENABLE_DEBUG_INFO = NO;
				SDKROOT = iphoneos;
				SWIFT_OPTIMIZATION_LEVEL = "-Owholemodule";
				VALIDATE_PRODUCT = YES;
			};
			name = Release;
		};
		63A9022A1F9F0404009AC6F9 /* Debug */ = {
			isa = XCBuildConfiguration;
			buildSettings = {
				ASSETCATALOG_COMPILER_APPICON_NAME = AppIcon;
				CODE_SIGN_STYLE = Automatic;
				DEVELOPMENT_TEAM = TS49475533;
				INFOPLIST_FILE = Companies/Info.plist;
				IPHONEOS_DEPLOYMENT_TARGET = 10.3;
				LD_RUNPATH_SEARCH_PATHS = "$(inherited) @executable_path/Frameworks";
				PRODUCT_BUNDLE_IDENTIFIER = com.PermaculturePower.Companies;
				PRODUCT_NAME = "$(TARGET_NAME)";
				SWIFT_VERSION = 4.0;
				TARGETED_DEVICE_FAMILY = "1,2";
			};
			name = Debug;
		};
		63A9022B1F9F0404009AC6F9 /* Release */ = {
			isa = XCBuildConfiguration;
			buildSettings = {
				ASSETCATALOG_COMPILER_APPICON_NAME = AppIcon;
				CODE_SIGN_STYLE = Automatic;
				DEVELOPMENT_TEAM = TS49475533;
				INFOPLIST_FILE = Companies/Info.plist;
				IPHONEOS_DEPLOYMENT_TARGET = 10.3;
				LD_RUNPATH_SEARCH_PATHS = "$(inherited) @executable_path/Frameworks";
				PRODUCT_BUNDLE_IDENTIFIER = com.PermaculturePower.Companies;
				PRODUCT_NAME = "$(TARGET_NAME)";
				SWIFT_VERSION = 4.0;
				TARGETED_DEVICE_FAMILY = "1,2";
			};
			name = Release;
		};
/* End XCBuildConfiguration section */

/* Begin XCConfigurationList section */
		63A902121F9F0404009AC6F9 /* Build configuration list for PBXProject "Companies" */ = {
			isa = XCConfigurationList;
			buildConfigurations = (
				63A902271F9F0404009AC6F9 /* Debug */,
				63A902281F9F0404009AC6F9 /* Release */,
			);
			defaultConfigurationIsVisible = 0;
			defaultConfigurationName = Release;
		};
		63A902291F9F0404009AC6F9 /* Build configuration list for PBXNativeTarget "Companies" */ = {
			isa = XCConfigurationList;
			buildConfigurations = (
				63A9022A1F9F0404009AC6F9 /* Debug */,
				63A9022B1F9F0404009AC6F9 /* Release */,
			);
			defaultConfigurationIsVisible = 0;
			defaultConfigurationName = Release;
		};
/* End XCConfigurationList section */

/* Begin XCVersionGroup section */
		638119B21FC500DA001313CD /* CoreDataModel.xcdatamodeld */ = {
			isa = XCVersionGroup;
			children = (
				638119B31FC500DA001313CD /* CoreDataModel.xcdatamodel */,
			);
			currentVersion = 638119B31FC500DA001313CD /* CoreDataModel.xcdatamodel */;
			path = CoreDataModel.xcdatamodeld;
			sourceTree = "<group>";
			versionGroupType = wrapper.xcdatamodel;
		};
/* End XCVersionGroup section */
	};
	rootObject = 63A9020F1F9F0404009AC6F9 /* Project object */;
}
